
Microsoft Visual Studio Solution File, Format Version 12.00
# Visual Studio Version 17
VisualStudioVersion = 17.3.32929.385
MinimumVisualStudioVersion = 10.0.40219.1
Project("{8BC9CEB8-8B4A-11D0-8D11-00A0C91BC942}") = "SFTP", "..\SFTP.prj\SFTP.vcxproj", "{27641373-F298-4C69-AA43-291AEC12B6B3}"
	ProjectSection(ProjectDependencies) = postProject
		{42BD57B0-4C17-4C4C-9603-4C8CFBE8175B} = {42BD57B0-4C17-4C4C-9603-4C8CFBE8175B}
		{4B1B0016-EDD0-4AED-AED7-69B6550DBCBB} = {4B1B0016-EDD0-4AED-AED7-69B6550DBCBB}
		{5D9DCDC0-6A38-42BC-8ACF-0D3A7270BB29} = {5D9DCDC0-6A38-42BC-8ACF-0D3A7270BB29}
		{8EE373E8-8A32-4DEF-8957-87C13AF3A5CA} = {8EE373E8-8A32-4DEF-8957-87C13AF3A5CA}
		{CF57F3EC-D3DB-4469-8519-3F9D73785D9B} = {CF57F3EC-D3DB-4469-8519-3F9D73785D9B}
		{D0FDD57B-5315-4E31-B0C9-FCFB7A0285F6} = {D0FDD57B-5315-4E31-B0C9-FCFB7A0285F6}
	EndProjectSection
EndProject
Project("{8BC9CEB8-8B4A-11D0-8D11-00A0C91BC942}") = "SFTP.hlp", "..\SFTP.hlp\SFTP.hlp.vcxproj", "{4B1B0016-EDD0-4AED-AED7-69B6550DBCBB}"
EndProject
Project("{8BC9CEB8-8B4A-11D0-8D11-00A0C91BC942}") = "DocView", "..\..\Library\DocView\DocView.vcxproj", "{D0FDD57B-5315-4E31-B0C9-FCFB7A0285F6}"
	ProjectSection(ProjectDependencies) = postProject
		{42BD57B0-4C17-4C4C-9603-4C8CFBE8175B} = {42BD57B0-4C17-4C4C-9603-4C8CFBE8175B}
		{8EE373E8-8A32-4DEF-8957-87C13AF3A5CA} = {8EE373E8-8A32-4DEF-8957-87C13AF3A5CA}
		{CF57F3EC-D3DB-4469-8519-3F9D73785D9B} = {CF57F3EC-D3DB-4469-8519-3F9D73785D9B}
	EndProjectSection
EndProject
Project("{B7DD6F7E-DEF8-4E67-B5B7-07EF123DB6F0}") = "SFTP.Win32.wix", "..\SFTP.Win32.wix\SFTP.Win32.wix.wixproj", "{CEC94A26-F8A0-4348-A72F-A72A46E66541}"
	ProjectSection(ProjectDependencies) = postProject
		{4B1B0016-EDD0-4AED-AED7-69B6550DBCBB} = {4B1B0016-EDD0-4AED-AED7-69B6550DBCBB}
	EndProjectSection
EndProject
Project("{B7DD6F7E-DEF8-4E67-B5B7-07EF123DB6F0}") = "SFTP.x64.wix", "..\SFTP.x64.wix\SFTP.x64.wix.wixproj", "{10DA1772-73CA-45B5-8360-4D13761EA1DF}"
	ProjectSection(ProjectDependencies) = postProject
		{4B1B0016-EDD0-4AED-AED7-69B6550DBCBB} = {4B1B0016-EDD0-4AED-AED7-69B6550DBCBB}
	EndProjectSection
EndProject
Project("{8BC9CEB8-8B4A-11D0-8D11-00A0C91BC942}") = "Library", "..\..\Library\Library\Library.vcxproj", "{CF57F3EC-D3DB-4469-8519-3F9D73785D9B}"
	ProjectSection(ProjectDependencies) = postProject
		{4B1B0016-EDD0-4AED-AED7-69B6550DBCBB} = {4B1B0016-EDD0-4AED-AED7-69B6550DBCBB}
	EndProjectSection
EndProject
Project("{8BC9CEB8-8B4A-11D0-8D11-00A0C91BC942}") = "Printer", "..\..\Library\Printer\Printer.vcxproj", "{42BD57B0-4C17-4C4C-9603-4C8CFBE8175B}"
	ProjectSection(ProjectDependencies) = postProject
		{4B1B0016-EDD0-4AED-AED7-69B6550DBCBB} = {4B1B0016-EDD0-4AED-AED7-69B6550DBCBB}
		{CF57F3EC-D3DB-4469-8519-3F9D73785D9B} = {CF57F3EC-D3DB-4469-8519-3F9D73785D9B}
	EndProjectSection
EndProject
Project("{8BC9CEB8-8B4A-11D0-8D11-00A0C91BC942}") = "ScrollView", "..\..\Library\ScrollView\ScrollView.vcxproj", "{8EE373E8-8A32-4DEF-8957-87C13AF3A5CA}"
	ProjectSection(ProjectDependencies) = postProject
		{42BD57B0-4C17-4C4C-9603-4C8CFBE8175B} = {42BD57B0-4C17-4C4C-9603-4C8CFBE8175B}
		{CF57F3EC-D3DB-4469-8519-3F9D73785D9B} = {CF57F3EC-D3DB-4469-8519-3F9D73785D9B}
	EndProjectSection
EndProject
Project("{8BC9CEB8-8B4A-11D0-8D11-00A0C91BC942}") = "SftpSSL", "..\..\LibOpenSSL\SftpSSL\SftpSSL.vcxproj", "{5D9DCDC0-6A38-42BC-8ACF-0D3A7270BB29}"
	ProjectSection(ProjectDependencies) = postProject
		{CF57F3EC-D3DB-4469-8519-3F9D73785D9B} = {CF57F3EC-D3DB-4469-8519-3F9D73785D9B}
		{D0FDD57B-5315-4E31-B0C9-FCFB7A0285F6} = {D0FDD57B-5315-4E31-B0C9-FCFB7A0285F6}
	EndProjectSection
EndProject
Global
	GlobalSection(SolutionConfigurationPlatforms) = preSolution
		Debug|Win32 = Debug|Win32
		Debug|x64 = Debug|x64
		Release|Win32 = Release|Win32
		Release|x64 = Release|x64
	EndGlobalSection
	GlobalSection(ProjectConfigurationPlatforms) = postSolution
		{27641373-F298-4C69-AA43-291AEC12B6B3}.Debug|Win32.ActiveCfg = Debug|Win32
		{27641373-F298-4C69-AA43-291AEC12B6B3}.Debug|Win32.Build.0 = Debug|Win32
		{27641373-F298-4C69-AA43-291AEC12B6B3}.Debug|x64.ActiveCfg = Debug|x64
		{27641373-F298-4C69-AA43-291AEC12B6B3}.Debug|x64.Build.0 = Debug|x64
		{27641373-F298-4C69-AA43-291AEC12B6B3}.Release|Win32.ActiveCfg = Release|Win32
		{27641373-F298-4C69-AA43-291AEC12B6B3}.Release|Win32.Build.0 = Release|Win32
		{27641373-F298-4C69-AA43-291AEC12B6B3}.Release|x64.ActiveCfg = Release|x64
		{27641373-F298-4C69-AA43-291AEC12B6B3}.Release|x64.Build.0 = Release|x64
		{4B1B0016-EDD0-4AED-AED7-69B6550DBCBB}.Debug|Win32.ActiveCfg = Debug|Win32
		{4B1B0016-EDD0-4AED-AED7-69B6550DBCBB}.Debug|Win32.Build.0 = Debug|Win32
		{4B1B0016-EDD0-4AED-AED7-69B6550DBCBB}.Debug|x64.ActiveCfg = Debug|x64
		{4B1B0016-EDD0-4AED-AED7-69B6550DBCBB}.Debug|x64.Build.0 = Debug|x64
		{4B1B0016-EDD0-4AED-AED7-69B6550DBCBB}.Release|Win32.ActiveCfg = Release|Win32
		{4B1B0016-EDD0-4AED-AED7-69B6550DBCBB}.Release|Win32.Build.0 = Release|Win32
		{4B1B0016-EDD0-4AED-AED7-69B6550DBCBB}.Release|x64.ActiveCfg = Release|x64
		{4B1B0016-EDD0-4AED-AED7-69B6550DBCBB}.Release|x64.Build.0 = Release|x64
		{D0FDD57B-5315-4E31-B0C9-FCFB7A0285F6}.Debug|Win32.ActiveCfg = Debug|Win32
		{D0FDD57B-5315-4E31-B0C9-FCFB7A0285F6}.Debug|Win32.Build.0 = Debug|Win32
		{D0FDD57B-5315-4E31-B0C9-FCFB7A0285F6}.Debug|x64.ActiveCfg = Debug|x64
		{D0FDD57B-5315-4E31-B0C9-FCFB7A0285F6}.Debug|x64.Build.0 = Debug|x64
		{D0FDD57B-5315-4E31-B0C9-FCFB7A0285F6}.Release|Win32.ActiveCfg = Release|Win32
		{D0FDD57B-5315-4E31-B0C9-FCFB7A0285F6}.Release|Win32.Build.0 = Release|Win32
		{D0FDD57B-5315-4E31-B0C9-FCFB7A0285F6}.Release|x64.ActiveCfg = Release|x64
		{D0FDD57B-5315-4E31-B0C9-FCFB7A0285F6}.Release|x64.Build.0 = Release|x64
		{CEC94A26-F8A0-4348-A72F-A72A46E66541}.Debug|Win32.ActiveCfg = Debug|x86
		{CEC94A26-F8A0-4348-A72F-A72A46E66541}.Debug|x64.ActiveCfg = Debug|x86
		{CEC94A26-F8A0-4348-A72F-A72A46E66541}.Release|Win32.ActiveCfg = Release|x86
		{CEC94A26-F8A0-4348-A72F-A72A46E66541}.Release|Win32.Build.0 = Release|x86
		{CEC94A26-F8A0-4348-A72F-A72A46E66541}.Release|x64.ActiveCfg = Release|x86
		{10DA1772-73CA-45B5-8360-4D13761EA1DF}.Debug|Win32.ActiveCfg = Debug|x64
		{10DA1772-73CA-45B5-8360-4D13761EA1DF}.Debug|x64.ActiveCfg = Debug|x64
		{10DA1772-73CA-45B5-8360-4D13761EA1DF}.Release|Win32.ActiveCfg = Release|x64
		{10DA1772-73CA-45B5-8360-4D13761EA1DF}.Release|x64.ActiveCfg = Release|x64
		{10DA1772-73CA-45B5-8360-4D13761EA1DF}.Release|x64.Build.0 = Release|x64
		{CF57F3EC-D3DB-4469-8519-3F9D73785D9B}.Debug|Win32.ActiveCfg = Debug|Win32
		{CF57F3EC-D3DB-4469-8519-3F9D73785D9B}.Debug|Win32.Build.0 = Debug|Win32
		{CF57F3EC-D3DB-4469-8519-3F9D73785D9B}.Debug|x64.ActiveCfg = Debug|x64
		{CF57F3EC-D3DB-4469-8519-3F9D73785D9B}.Debug|x64.Build.0 = Debug|x64
		{CF57F3EC-D3DB-4469-8519-3F9D73785D9B}.Release|Win32.ActiveCfg = Release|Win32
		{CF57F3EC-D3DB-4469-8519-3F9D73785D9B}.Release|Win32.Build.0 = Release|Win32
		{CF57F3EC-D3DB-4469-8519-3F9D73785D9B}.Release|x64.ActiveCfg = Release|x64
		{CF57F3EC-D3DB-4469-8519-3F9D73785D9B}.Release|x64.Build.0 = Release|x64
		{42BD57B0-4C17-4C4C-9603-4C8CFBE8175B}.Debug|Win32.ActiveCfg = Debug|Win32
		{42BD57B0-4C17-4C4C-9603-4C8CFBE8175B}.Debug|Win32.Build.0 = Debug|Win32
		{42BD57B0-4C17-4C4C-9603-4C8CFBE8175B}.Debug|x64.ActiveCfg = Debug|x64
		{42BD57B0-4C17-4C4C-9603-4C8CFBE8175B}.Debug|x64.Build.0 = Debug|x64
		{42BD57B0-4C17-4C4C-9603-4C8CFBE8175B}.Release|Win32.ActiveCfg = Release|Win32
		{42BD57B0-4C17-4C4C-9603-4C8CFBE8175B}.Release|Win32.Build.0 = Release|Win32
		{42BD57B0-4C17-4C4C-9603-4C8CFBE8175B}.Release|x64.ActiveCfg = Release|x64
		{42BD57B0-4C17-4C4C-9603-4C8CFBE8175B}.Release|x64.Build.0 = Release|x64
		{8EE373E8-8A32-4DEF-8957-87C13AF3A5CA}.Debug|Win32.ActiveCfg = Debug|Win32
		{8EE373E8-8A32-4DEF-8957-87C13AF3A5CA}.Debug|Win32.Build.0 = Debug|Win32
		{8EE373E8-8A32-4DEF-8957-87C13AF3A5CA}.Debug|x64.ActiveCfg = Debug|x64
		{8EE373E8-8A32-4DEF-8957-87C13AF3A5CA}.Debug|x64.Build.0 = Debug|x64
		{8EE373E8-8A32-4DEF-8957-87C13AF3A5CA}.Release|Win32.ActiveCfg = Release|Win32
		{8EE373E8-8A32-4DEF-8957-87C13AF3A5CA}.Release|Win32.Build.0 = Release|Win32
		{8EE373E8-8A32-4DEF-8957-87C13AF3A5CA}.Release|x64.ActiveCfg = Release|x64
		{8EE373E8-8A32-4DEF-8957-87C13AF3A5CA}.Release|x64.Build.0 = Release|x64
		{5D9DCDC0-6A38-42BC-8ACF-0D3A7270BB29}.Debug|Win32.ActiveCfg = Debug|Win32
		{5D9DCDC0-6A38-42BC-8ACF-0D3A7270BB29}.Debug|Win32.Build.0 = Debug|Win32
		{5D9DCDC0-6A38-42BC-8ACF-0D3A7270BB29}.Debug|x64.ActiveCfg = Debug|x64
		{5D9DCDC0-6A38-42BC-8ACF-0D3A7270BB29}.Debug|x64.Build.0 = Debug|x64
		{5D9DCDC0-6A38-42BC-8ACF-0D3A7270BB29}.Release|Win32.ActiveCfg = Release|Win32
		{5D9DCDC0-6A38-42BC-8ACF-0D3A7270BB29}.Release|Win32.Build.0 = Release|Win32
		{5D9DCDC0-6A38-42BC-8ACF-0D3A7270BB29}.Release|x64.ActiveCfg = Release|x64
		{5D9DCDC0-6A38-42BC-8ACF-0D3A7270BB29}.Release|x64.Build.0 = Release|x64
	EndGlobalSection
	GlobalSection(SolutionProperties) = preSolution
		HideSolutionNode = FALSE
	EndGlobalSection
	GlobalSection(ExtensibilityGlobals) = postSolution
		SolutionGuid = {7C45DAD2-ADDB-49C9-A3BD-11D3C1E2344D}
	EndGlobalSection
EndGlobal
